Microsoft Visual Studio Solution File, Format Version 12.00
# Visual Studio Version 17
VisualStudioVersion = 17.14.37411.7 d17.14
MinimumVisualStudioVersion = 10.0.40219.1
Project("{8BC9CEB8-8B4A-11D0-8D11-00A0C91BC942}") = "soui", "soui\soui.vcxproj", "{019E2980-7F7F-3E44-8F02-AF6622B1A952}"
	ProjectSection(ProjectDependencies) = postProject
		{B6C114DB-C651-3F13-84BC-25C7E2AC5499} = {B6C114DB-C651-3F13-84BC-25C7E2AC5499}
		{B435D6BF-77E3-33E4-83AD-820588B1013D} = {B435D6BF-77E3-33E4-83AD-820588B1013D}
	EndProjectSection
EndProject
Project("{8BC9CEB8-8B4A-11D0-8D11-00A0C91BC942}") = "png", "third-part\png\png.vcxproj", "{0042AD7B-EE32-3DFE-BF5A-41B8985F1DAF}"
EndProject
Project("{8BC9CEB8-8B4A-11D0-8D11-00A0C91BC942}") = "skia", "third-part\skia\skia.vcxproj", "{68AA831F-F0E9-332B-B032-0F07DF8504F0}"
EndProject
Project("{8BC9CEB8-8B4A-11D0-8D11-00A0C91BC942}") = "zlib", "third-part\zlib\zlib.vcxproj", "{27AFDCF1-E4B3-36ED-A8BE-54E18E39F123}"
EndProject
Project("{8BC9CEB8-8B4A-11D0-8D11-00A0C91BC942}") = "smiley", "third-part\smiley\smiley.vcxproj", "{93D57254-223F-36E7-88AC-40C1E4C5731C}"
EndProject
Project("{8BC9CEB8-8B4A-11D0-8D11-00A0C91BC942}") = "mhook", "third-part\mhook\mhook.vcxproj", "{DC887740-07D4-36BF-9C39-0F07576B6A60}"
EndProject
Project("{8BC9CEB8-8B4A-11D0-8D11-00A0C91BC942}") = "scintilla", "third-part\scintilla\scintilla.vcxproj", "{DEDD4C18-FFF6-3CA2-8491-8CD7BC9B84BC}"
EndProject
Project("{8BC9CEB8-8B4A-11D0-8D11-00A0C91BC942}") = "sqlite3", "third-part\sqlite3\sqlite3.vcxproj", "{BC6984AE-7C6E-3EC2-917A-551F78559407}"
EndProject
Project("{8BC9CEB8-8B4A-11D0-8D11-00A0C91BC942}") = "jsoncpp", "third-part\jsoncpp\jsoncpp.vcxproj", "{A14ED41A-AA2E-3900-BF47-D06A4A1F38BD}"
EndProject
Project("{8BC9CEB8-8B4A-11D0-8D11-00A0C91BC942}") = "SkMatrix", "third-part\skmatrix\SkMatrix.vcxproj", "{56B8BA31-F14C-3D1B-BBEB-5C28A259293A}"
EndProject
Project("{8BC9CEB8-8B4A-11D0-8D11-00A0C91BC942}") = "utilities", "utilities\utilities.vcxproj", "{B6C114DB-C651-3F13-84BC-25C7E2AC5499}"
EndProject
Project("{8BC9CEB8-8B4A-11D0-8D11-00A0C91BC942}") = "soui-sys-resource", "soui-sys-resource\soui-sys-resource.vcxproj", "{B435D6BF-77E3-33E4-83AD-820588B1013D}"
EndProject
Project("{8BC9CEB8-8B4A-11D0-8D11-00A0C91BC942}") = "imgdecoder-wic", "components\imgdecoder-wic\imgdecoder-wic.vcxproj", "{13255F95-B1F8-3D7F-9E18-97C589314456}"
EndProject
Project("{8BC9CEB8-8B4A-11D0-8D11-00A0C91BC942}") = "render-gdi", "components\render-gdi\render-gdi.vcxproj", "{06FEC3C3-83E9-3B95-B01E-ABB018DDE8E3}"
	ProjectSection(ProjectDependencies) = postProject
		{B6C114DB-C651-3F13-84BC-25C7E2AC5499} = {B6C114DB-C651-3F13-84BC-25C7E2AC5499}
	EndProjectSection
EndProject
Project("{8BC9CEB8-8B4A-11D0-8D11-00A0C91BC942}") = "render-skia", "components\render-skia\render-skia.vcxproj", "{000C74A4-5FB1-3650-876F-1B47ADB684FF}"
	ProjectSection(ProjectDependencies) = postProject
		{68AA831F-F0E9-332B-B032-0F07DF8504F0} = {68AA831F-F0E9-332B-B032-0F07DF8504F0}
		{B6C114DB-C651-3F13-84BC-25C7E2AC5499} = {B6C114DB-C651-3F13-84BC-25C7E2AC5499}
	EndProjectSection
EndProject
Project("{8BC9CEB8-8B4A-11D0-8D11-00A0C91BC942}") = "translator", "components\translator\translator.vcxproj", "{FFA8FF6A-D982-3185-BAEE-21EC5E586CE3}"
	ProjectSection(ProjectDependencies) = postProject
		{B6C114DB-C651-3F13-84BC-25C7E2AC5499} = {B6C114DB-C651-3F13-84BC-25C7E2AC5499}
	EndProjectSection
EndProject
Project("{8BC9CEB8-8B4A-11D0-8D11-00A0C91BC942}") = "imgdecoder-stb", "components\imgdecoder-stb\imgdecoder-stb.vcxproj", "{F6020D85-1D11-323A-BEE3-27B1B3E4FC8A}"
EndProject
Project("{8BC9CEB8-8B4A-11D0-8D11-00A0C91BC942}") = "imgdecoder-png", "components\imgdecoder-png\imgdecoder-png.vcxproj", "{B70EA470-396F-391E-B5F2-9664EBB4CCB0}"
	ProjectSection(ProjectDependencies) = postProject
		{27AFDCF1-E4B3-36ED-A8BE-54E18E39F123} = {27AFDCF1-E4B3-36ED-A8BE-54E18E39F123}
		{0042AD7B-EE32-3DFE-BF5A-41B8985F1DAF} = {0042AD7B-EE32-3DFE-BF5A-41B8985F1DAF}
	EndProjectSection
EndProject
Project("{8BC9CEB8-8B4A-11D0-8D11-00A0C91BC942}") = "imgdecoder-gdip", "components\imgdecoder-gdip\imgdecoder-gdip.vcxproj", "{EDF18A6E-051B-3EAA-90D0-71CDF6830FB7}"
EndProject
Project("{8BC9CEB8-8B4A-11D0-8D11-00A0C91BC942}") = "log4z", "components\log4z\log4z.vcxproj", "{CE1A198C-721D-3F26-AE7C-06DBE022276E}"
EndProject
Project("{8BC9CEB8-8B4A-11D0-8D11-00A0C91BC942}") = "TaskLoop", "components\TaskLoop\TaskLoop.vcxproj", "{08239FAC-65F8-3DCA-8335-037AF16C9CE8}"
	ProjectSection(ProjectDependencies) = postProject
		{B6C114DB-C651-3F13-84BC-25C7E2AC5499} = {B6C114DB-C651-3F13-84BC-25C7E2AC5499}
	EndProjectSection
EndProject
Project("{8BC9CEB8-8B4A-11D0-8D11-00A0C91BC942}") = "SIpcObject", "components\SIpcObject\SIpcObject.vcxproj", "{F8DBE0DA-E2AE-3E08-8DB7-ED71B3236052}"
	ProjectSection(ProjectDependencies) = postProject
		{B6C114DB-C651-3F13-84BC-25C7E2AC5499} = {B6C114DB-C651-3F13-84BC-25C7E2AC5499}
	EndProjectSection
EndProject
Project("{8BC9CEB8-8B4A-11D0-8D11-00A0C91BC942}") = "demo", "demo\demo.vcxproj", "{70DEBBAA-C9B2-3EFB-BE62-7339AB1DD4CD}"
	ProjectSection(ProjectDependencies) = postProject
		{019E2980-7F7F-3E44-8F02-AF6622B1A952} = {019E2980-7F7F-3E44-8F02-AF6622B1A952}
		{56B8BA31-F14C-3D1B-BBEB-5C28A259293A} = {56B8BA31-F14C-3D1B-BBEB-5C28A259293A}
		{B6C114DB-C651-3F13-84BC-25C7E2AC5499} = {B6C114DB-C651-3F13-84BC-25C7E2AC5499}
		{DC887740-07D4-36BF-9C39-0F07576B6A60} = {DC887740-07D4-36BF-9C39-0F07576B6A60}
		{93D57254-223F-36E7-88AC-40C1E4C5731C} = {93D57254-223F-36E7-88AC-40C1E4C5731C}
	EndProjectSection
EndProject
Global
	GlobalSection(SolutionConfigurationPlatforms) = preSolution
		Debug|Win32 = Debug|Win32
		Release|Win32 = Release|Win32
	EndGlobalSection
	GlobalSection(ProjectConfigurationPlatforms) = postSolution
		{0042AD7B-EE32-3DFE-BF5A-41B8985F1DAF}.Debug|Win32.ActiveCfg = Debug|Win32
		{0042AD7B-EE32-3DFE-BF5A-41B8985F1DAF}.Debug|Win32.Build.0 = Debug|Win32
		{0042AD7B-EE32-3DFE-BF5A-41B8985F1DAF}.Release|Win32.ActiveCfg = Release|Win32
		{0042AD7B-EE32-3DFE-BF5A-41B8985F1DAF}.Release|Win32.Build.0 = Release|Win32
		{68AA831F-F0E9-332B-B032-0F07DF8504F0}.Debug|Win32.ActiveCfg = Debug|Win32
		{68AA831F-F0E9-332B-B032-0F07DF8504F0}.Debug|Win32.Build.0 = Debug|Win32
		{68AA831F-F0E9-332B-B032-0F07DF8504F0}.Release|Win32.ActiveCfg = Release|Win32
		{68AA831F-F0E9-332B-B032-0F07DF8504F0}.Release|Win32.Build.0 = Release|Win32
		{27AFDCF1-E4B3-36ED-A8BE-54E18E39F123}.Debug|Win32.ActiveCfg = Debug|Win32
		{27AFDCF1-E4B3-36ED-A8BE-54E18E39F123}.Debug|Win32.Build.0 = Debug|Win32
		{27AFDCF1-E4B3-36ED-A8BE-54E18E39F123}.Release|Win32.ActiveCfg = Release|Win32
		{27AFDCF1-E4B3-36ED-A8BE-54E18E39F123}.Release|Win32.Build.0 = Release|Win32
		{93D57254-223F-36E7-88AC-40C1E4C5731C}.Debug|Win32.ActiveCfg = Debug|Win32
		{93D57254-223F-36E7-88AC-40C1E4C5731C}.Debug|Win32.Build.0 = Debug|Win32
		{93D57254-223F-36E7-88AC-40C1E4C5731C}.Release|Win32.ActiveCfg = Release|Win32
		{93D57254-223F-36E7-88AC-40C1E4C5731C}.Release|Win32.Build.0 = Release|Win32
		{DC887740-07D4-36BF-9C39-0F07576B6A60}.Debug|Win32.ActiveCfg = Debug|Win32
		{DC887740-07D4-36BF-9C39-0F07576B6A60}.Debug|Win32.Build.0 = Debug|Win32
		{DC887740-07D4-36BF-9C39-0F07576B6A60}.Release|Win32.ActiveCfg = Release|Win32
		{DC887740-07D4-36BF-9C39-0F07576B6A60}.Release|Win32.Build.0 = Release|Win32
		{DEDD4C18-FFF6-3CA2-8491-8CD7BC9B84BC}.Debug|Win32.ActiveCfg = Debug|Win32
		{DEDD4C18-FFF6-3CA2-8491-8CD7BC9B84BC}.Debug|Win32.Build.0 = Debug|Win32
		{DEDD4C18-FFF6-3CA2-8491-8CD7BC9B84BC}.Release|Win32.ActiveCfg = Release|Win32
		{DEDD4C18-FFF6-3CA2-8491-8CD7BC9B84BC}.Release|Win32.Build.0 = Release|Win32
		{BC6984AE-7C6E-3EC2-917A-551F78559407}.Debug|Win32.ActiveCfg = Debug|Win32
		{BC6984AE-7C6E-3EC2-917A-551F78559407}.Debug|Win32.Build.0 = Debug|Win32
		{BC6984AE-7C6E-3EC2-917A-551F78559407}.Release|Win32.ActiveCfg = Release|Win32
		{BC6984AE-7C6E-3EC2-917A-551F78559407}.Release|Win32.Build.0 = Release|Win32
		{A14ED41A-AA2E-3900-BF47-D06A4A1F38BD}.Debug|Win32.ActiveCfg = Debug|Win32
		{A14ED41A-AA2E-3900-BF47-D06A4A1F38BD}.Debug|Win32.Build.0 = Debug|Win32
		{A14ED41A-AA2E-3900-BF47-D06A4A1F38BD}.Release|Win32.ActiveCfg = Release|Win32
		{A14ED41A-AA2E-3900-BF47-D06A4A1F38BD}.Release|Win32.Build.0 = Release|Win32
		{56B8BA31-F14C-3D1B-BBEB-5C28A259293A}.Debug|Win32.ActiveCfg = Debug|Win32
		{56B8BA31-F14C-3D1B-BBEB-5C28A259293A}.Debug|Win32.Build.0 = Debug|Win32
		{56B8BA31-F14C-3D1B-BBEB-5C28A259293A}.Release|Win32.ActiveCfg = Release|Win32
		{56B8BA31-F14C-3D1B-BBEB-5C28A259293A}.Release|Win32.Build.0 = Release|Win32
		{B6C114DB-C651-3F13-84BC-25C7E2AC5499}.Debug|Win32.ActiveCfg = Debug|Win32
		{B6C114DB-C651-3F13-84BC-25C7E2AC5499}.Debug|Win32.Build.0 = Debug|Win32
		{B6C114DB-C651-3F13-84BC-25C7E2AC5499}.Release|Win32.ActiveCfg = Release|Win32
		{B6C114DB-C651-3F13-84BC-25C7E2AC5499}.Release|Win32.Build.0 = Release|Win32
		{B435D6BF-77E3-33E4-83AD-820588B1013D}.Debug|Win32.ActiveCfg = Debug|Win32
		{B435D6BF-77E3-33E4-83AD-820588B1013D}.Debug|Win32.Build.0 = Debug|Win32
		{B435D6BF-77E3-33E4-83AD-820588B1013D}.Release|Win32.ActiveCfg = Release|Win32
		{B435D6BF-77E3-33E4-83AD-820588B1013D}.Release|Win32.Build.0 = Release|Win32
		{019E2980-7F7F-3E44-8F02-AF6622B1A952}.Debug|Win32.ActiveCfg = Debug|Win32
		{019E2980-7F7F-3E44-8F02-AF6622B1A952}.Debug|Win32.Build.0 = Debug|Win32
		{019E2980-7F7F-3E44-8F02-AF6622B1A952}.Release|Win32.ActiveCfg = Release|Win32
		{019E2980-7F7F-3E44-8F02-AF6622B1A952}.Release|Win32.Build.0 = Release|Win32
		{13255F95-B1F8-3D7F-9E18-97C589314456}.Debug|Win32.ActiveCfg = Debug|Win32
		{13255F95-B1F8-3D7F-9E18-97C589314456}.Debug|Win32.Build.0 = Debug|Win32
		{13255F95-B1F8-3D7F-9E18-97C589314456}.Release|Win32.ActiveCfg = Release|Win32
		{13255F95-B1F8-3D7F-9E18-97C589314456}.Release|Win32.Build.0 = Release|Win32
		{06FEC3C3-83E9-3B95-B01E-ABB018DDE8E3}.Debug|Win32.ActiveCfg = Debug|Win32
		{06FEC3C3-83E9-3B95-B01E-ABB018DDE8E3}.Debug|Win32.Build.0 = Debug|Win32
		{06FEC3C3-83E9-3B95-B01E-ABB018DDE8E3}.Release|Win32.ActiveCfg = Release|Win32
		{06FEC3C3-83E9-3B95-B01E-ABB018DDE8E3}.Release|Win32.Build.0 = Release|Win32
		{000C74A4-5FB1-3650-876F-1B47ADB684FF}.Debug|Win32.ActiveCfg = Debug|Win32
		{000C74A4-5FB1-3650-876F-1B47ADB684FF}.Debug|Win32.Build.0 = Debug|Win32
		{000C74A4-5FB1-3650-876F-1B47ADB684FF}.Release|Win32.ActiveCfg = Release|Win32
		{000C74A4-5FB1-3650-876F-1B47ADB684FF}.Release|Win32.Build.0 = Release|Win32
		{FFA8FF6A-D982-3185-BAEE-21EC5E586CE3}.Debug|Win32.ActiveCfg = Debug|Win32
		{FFA8FF6A-D982-3185-BAEE-21EC5E586CE3}.Debug|Win32.Build.0 = Debug|Win32
		{FFA8FF6A-D982-3185-BAEE-21EC5E586CE3}.Release|Win32.ActiveCfg = Release|Win32
		{FFA8FF6A-D982-3185-BAEE-21EC5E586CE3}.Release|Win32.Build.0 = Release|Win32
		{F6020D85-1D11-323A-BEE3-27B1B3E4FC8A}.Debug|Win32.ActiveCfg = Debug|Win32
		{F6020D85-1D11-323A-BEE3-27B1B3E4FC8A}.Debug|Win32.Build.0 = Debug|Win32
		{F6020D85-1D11-323A-BEE3-27B1B3E4FC8A}.Release|Win32.ActiveCfg = Release|Win32
		{F6020D85-1D11-323A-BEE3-27B1B3E4FC8A}.Release|Win32.Build.0 = Release|Win32
		{B70EA470-396F-391E-B5F2-9664EBB4CCB0}.Debug|Win32.ActiveCfg = Debug|Win32
		{B70EA470-396F-391E-B5F2-9664EBB4CCB0}.Debug|Win32.Build.0 = Debug|Win32
		{B70EA470-396F-391E-B5F2-9664EBB4CCB0}.Release|Win32.ActiveCfg = Release|Win32
		{B70EA470-396F-391E-B5F2-9664EBB4CCB0}.Release|Win32.Build.0 = Release|Win32
		{EDF18A6E-051B-3EAA-90D0-71CDF6830FB7}.Debug|Win32.ActiveCfg = Debug|Win32
		{EDF18A6E-051B-3EAA-90D0-71CDF6830FB7}.Debug|Win32.Build.0 = Debug|Win32
		{EDF18A6E-051B-3EAA-90D0-71CDF6830FB7}.Release|Win32.ActiveCfg = Release|Win32
		{EDF18A6E-051B-3EAA-90D0-71CDF6830FB7}.Release|Win32.Build.0 = Release|Win32
		{CE1A198C-721D-3F26-AE7C-06DBE022276E}.Debug|Win32.ActiveCfg = Debug|Win32
		{CE1A198C-721D-3F26-AE7C-06DBE022276E}.Debug|Win32.Build.0 = Debug|Win32
		{CE1A198C-721D-3F26-AE7C-06DBE022276E}.Release|Win32.ActiveCfg = Release|Win32
		{CE1A198C-721D-3F26-AE7C-06DBE022276E}.Release|Win32.Build.0 = Release|Win32
		{08239FAC-65F8-3DCA-8335-037AF16C9CE8}.Debug|Win32.ActiveCfg = Debug|Win32
		{08239FAC-65F8-3DCA-8335-037AF16C9CE8}.Debug|Win32.Build.0 = Debug|Win32
		{08239FAC-65F8-3DCA-8335-037AF16C9CE8}.Release|Win32.ActiveCfg = Release|Win32
		{08239FAC-65F8-3DCA-8335-037AF16C9CE8}.Release|Win32.Build.0 = Release|Win32
		{F8DBE0DA-E2AE-3E08-8DB7-ED71B3236052}.Debug|Win32.ActiveCfg = Debug|Win32
		{F8DBE0DA-E2AE-3E08-8DB7-ED71B3236052}.Debug|Win32.Build.0 = Debug|Win32
		{F8DBE0DA-E2AE-3E08-8DB7-ED71B3236052}.Release|Win32.ActiveCfg = Release|Win32
		{F8DBE0DA-E2AE-3E08-8DB7-ED71B3236052}.Release|Win32.Build.0 = Release|Win32
		{70DEBBAA-C9B2-3EFB-BE62-7339AB1DD4CD}.Debug|Win32.ActiveCfg = Debug|Win32
		{70DEBBAA-C9B2-3EFB-BE62-7339AB1DD4CD}.Debug|Win32.Build.0 = Debug|Win32
		{70DEBBAA-C9B2-3EFB-BE62-7339AB1DD4CD}.Release|Win32.ActiveCfg = Release|Win32
		{70DEBBAA-C9B2-3EFB-BE62-7339AB1DD4CD}.Release|Win32.Build.0 = Release|Win32
	EndGlobalSection
	GlobalSection(SolutionProperties) = preSolution
		HideSolutionNode = FALSE
	EndGlobalSection
	GlobalSection(ExtensibilityGlobals) = postSolution
		SolutionGuid = {13D932EF-4C99-4B5C-A21C-51CD077A30C1}
	EndGlobalSection
EndGlobal
