<?xml version="1.0" encoding="utf-8"?>
<Project ToolsVersion="4.0" xmlns="http://schemas.microsoft.com/developer/msbuild/2003">
  <ItemGroup>
    <Filter Include="Header Files">
      <UniqueIdentifier>{93995380-89BD-4b04-88EB-625FBE52EBFB}</UniqueIdentifier>
      <Extensions>h;hpp;hxx;hm;inl;inc;xsd</Extensions>
    </Filter>
    <Filter Include="Header Files">
      <UniqueIdentifier>{93995380-89BD-4b04-88EB-625FBE52EBFB}</UniqueIdentifier>
      <Extensions>h;hpp;hxx;hm;inl;inc;xsd</Extensions>
    </Filter>
    <Filter Include="Source Files">
      <UniqueIdentifier>{4FC737F1-C7A5-4376-A066-2A32D752A2FF}</UniqueIdentifier>
      <Extensions>cpp;c;cxx;def;odl;idl;hpj;bat;asm;asmx</Extensions>
    </Filter>
    <Filter Include="Source Files">
      <UniqueIdentifier>{4FC737F1-C7A5-4376-A066-2A32D752A2FF}</UniqueIdentifier>
      <Extensions>cpp;c;cxx;def;odl;idl;hpj;bat;asm;asmx</Extensions>
    </Filter>
  </ItemGroup>
  <ItemGroup>
    <ClCompile Include="src\SkCamera.cpp">
      <Filter>Source Files</Filter>
    </ClCompile>
    <ClCompile Include="src\SkMatrix.cpp">
      <Filter>Source Files</Filter>
    </ClCompile>
    <ClCompile Include="src\SkPoint.cpp">
      <Filter>Source Files</Filter>
    </ClCompile>
    <ClCompile Include="src\SkRect.cpp">
      <Filter>Source Files</Filter>
    </ClCompile>
  </ItemGroup>
  <ItemGroup>
    <ClInclude Include="include\SkCamera.h">
      <Filter>Header Files</Filter>
    </ClInclude>
    <ClInclude Include="include\SkFloatBits.h">
      <Filter>Header Files</Filter>
    </ClInclude>
    <ClInclude Include="include\SkMatrix.h">
      <Filter>Header Files</Filter>
    </ClInclude>
    <ClInclude Include="include\SkPoint.h">
      <Filter>Header Files</Filter>
    </ClInclude>
    <ClInclude Include="include\SkPreConfig.h">
      <Filter>Header Files</Filter>
    </ClInclude>
    <ClInclude Include="include\SkRect.h">
      <Filter>Header Files</Filter>
    </ClInclude>
    <ClInclude Include="include\SkScalar.h">
      <Filter>Header Files</Filter>
    </ClInclude>
    <ClInclude Include="include\SkSize.h">
      <Filter>Header Files</Filter>
    </ClInclude>
    <ClInclude Include="include\SkTLazy.h">
      <Filter>Header Files</Filter>
    </ClInclude>
    <ClInclude Include="include\SkTypes.h">
      <Filter>Header Files</Filter>
    </ClInclude>
  </ItemGroup>
</Project>